# THIS IS AN AUTOGENERATED FILE. DO NOT EDIT THIS FILE DIRECTLY.
# yarn lockfile v1


"@openzeppelin/contracts@v3.4.1-solc-0.7":
  version "3.4.1-solc-0.7"
  resolved "https://registry.nlark.com/@openzeppelin/contracts/download/@openzeppelin/contracts-3.4.1-solc-0.7.tgz#8db23599e7f877b4405432841359bb1d47ad25c3"
  integrity sha1-jbI1mef4d7RAVDKEE1m7HUetJcM=
